
Microsoft Visual Studio Solution File, Format Version 12.00
# Visual Studio Version 17
VisualStudioVersion = 17.1.32328.378
MinimumVisualStudioVersion = 10.0.40219.1
Project("{54A90642-561A-4BB1-A94E-469ADEE60C69}") = "intern-track-front", "intern-track-front\intern-track-front.esproj", "{27F454B5-6A2E-485C-AFAE-954FF0F1E944}"
EndProject
Project("{FAE04EC0-301F-11D3-BF4B-00C04F79EFBC}") = "intern-track-back", "intern-track-back\intern-track-back.csproj", "{C76DF0D5-7E49-4C34-BBEC-7A9D6EE29019}"
EndProject
Global
	GlobalSection(SolutionConfigurationPlatforms) = preSolution
		Debug|Any CPU = Debug|Any CPU
		Release|Any CPU = Release|Any CPU
	EndGlobalSection
	GlobalSection(ProjectConfigurationPlatforms) = postSolution
		{27F454B5-6A2E-485C-AFAE-954FF0F1E944}.Debug|Any CPU.ActiveCfg = Debug|Any CPU
		{27F454B5-6A2E-485C-AFAE-954FF0F1E944}.Debug|Any CPU.Build.0 = Debug|Any CPU
		{27F454B5-6A2E-485C-AFAE-954FF0F1E944}.Debug|Any CPU.Deploy.0 = Debug|Any CPU
		{27F454B5-6A2E-485C-AFAE-954FF0F1E944}.Release|Any CPU.ActiveCfg = Release|Any CPU
		{27F454B5-6A2E-485C-AFAE-954FF0F1E944}.Release|Any CPU.Build.0 = Release|Any CPU
		{27F454B5-6A2E-485C-AFAE-954FF0F1E944}.Release|Any CPU.Deploy.0 = Release|Any CPU
		{C76DF0D5-7E49-4C34-BBEC-7A9D6EE29019}.Debug|Any CPU.ActiveCfg = Debug|Any CPU
		{C76DF0D5-7E49-4C34-BBEC-7A9D6EE29019}.Debug|Any CPU.Build.0 = Debug|Any CPU
		{C76DF0D5-7E49-4C34-BBEC-7A9D6EE29019}.Release|Any CPU.ActiveCfg = Release|Any CPU
		{C76DF0D5-7E49-4C34-BBEC-7A9D6EE29019}.Release|Any CPU.Build.0 = Release|Any CPU
	EndGlobalSection
	GlobalSection(SolutionProperties) = preSolution
		HideSolutionNode = FALSE
	EndGlobalSection
	GlobalSection(ExtensibilityGlobals) = postSolution
		SolutionGuid = {254D7D5F-C268-46C4-AF13-960D6D70A9D0}
	EndGlobalSection
EndGlobal
